
Microsoft Visual Studio Solution File, Format Version 12.00
# Visual Studio Version 16
VisualStudioVersion = 16.0.29911.84
MinimumVisualStudioVersion = 10.0.40219.1
Project("{FAE04EC0-301F-11D3-BF4B-00C04F79EFBC}") = "gyak7", "gyak7\gyak7.csproj", "{5A3D1308-5749-41C5-88F6-F1C2B07278BE}"
EndProject
Global
	GlobalSection(SolutionConfigurationPlatforms) = preSolution
		Debug|Any CPU = Debug|Any CPU
		Release|Any CPU = Release|Any CPU
	EndGlobalSection
	GlobalSection(ProjectConfigurationPlatforms) = postSolution
		{5A3D1308-5749-41C5-88F6-F1C2B07278BE}.Debug|Any CPU.ActiveCfg = Debug|Any CPU
		{5A3D1308-5749-41C5-88F6-F1C2B07278BE}.Debug|Any CPU.Build.0 = Debug|Any CPU
		{5A3D1308-5749-41C5-88F6-F1C2B07278BE}.Release|Any CPU.ActiveCfg = Release|Any CPU
		{5A3D1308-5749-41C5-88F6-F1C2B07278BE}.Release|Any CPU.Build.0 = Release|Any CPU
	EndGlobalSection
	GlobalSection(SolutionProperties) = preSolution
		HideSolutionNode = FALSE
	EndGlobalSection
	GlobalSection(ExtensibilityGlobals) = postSolution
		SolutionGuid = {09410A74-3968-476D-96A1-00FA08060FD7}
	EndGlobalSection
EndGlobal
