
Microsoft Visual Studio Solution File, Format Version 12.00
# Visual Studio Version 16
VisualStudioVersion = 16.0.29911.84
MinimumVisualStudioVersion = 10.0.40219.1
Project("{FAE04EC0-301F-11D3-BF4B-00C04F79EFBC}") = "UserMaintenance", "UserMaintenance\UserMaintenance.csproj", "{8D1555FF-83D6-4908-AF21-25BF9676FC56}"
EndProject
Global
	GlobalSection(SolutionConfigurationPlatforms) = preSolution
		Debug|Any CPU = Debug|Any CPU
		Release|Any CPU = Release|Any CPU
	EndGlobalSection
	GlobalSection(ProjectConfigurationPlatforms) = postSolution
		{8D1555FF-83D6-4908-AF21-25BF9676FC56}.Debug|Any CPU.ActiveCfg = Debug|Any CPU
		{8D1555FF-83D6-4908-AF21-25BF9676FC56}.Debug|Any CPU.Build.0 = Debug|Any CPU
		{8D1555FF-83D6-4908-AF21-25BF9676FC56}.Release|Any CPU.ActiveCfg = Release|Any CPU
		{8D1555FF-83D6-4908-AF21-25BF9676FC56}.Release|Any CPU.Build.0 = Release|Any CPU
	EndGlobalSection
	GlobalSection(SolutionProperties) = preSolution
		HideSolutionNode = FALSE
	EndGlobalSection
	GlobalSection(ExtensibilityGlobals) = postSolution
		SolutionGuid = {D16754A0-3096-4597-B057-9219F046DC06}
	EndGlobalSection
EndGlobal
